// !$*UTF8*$!
{
	archiveVersion = 1;
	classes = {
	};
	objectVersion = 50;
	objects = {

/* Begin PBXBuildFile section */
		7120911921C0E8DC00F6DD80 /* StyleChanger.cpp in Sources */ = {isa = PBXBuildFile; fileRef = 7120911721C0E8DC00F6DD80 /* StyleChanger.cpp */; };
		7120911B21C0ECE900F6DD80 /* Leaves.png in CopyFiles */ = {isa = PBXBuildFile; fileRef = 7120911A21C0ECE600F6DD80 /* Leaves.png */; settings = {ATTRIBUTES = (CodeSignOnCopy, ); }; };
		7120911D21C1042400F6DD80 /* StyleChanger.png in CopyFiles */ = {isa = PBXBuildFile; fileRef = 7120911C21C1041E00F6DD80 /* StyleChanger.png */; settings = {ATTRIBUTES = (CodeSignOnCopy, ); }; };
		712B643521BD984C003A9718 /* Main.cpp in Sources */ = {isa = PBXBuildFile; fileRef = 712B643221BD984B003A9718 /* Main.cpp */; };
		712B643621BD984C003A9718 /* StandAlone.cpp in Sources */ = {isa = PBXBuildFile; fileRef = 712B643321BD984B003A9718 /* StandAlone.cpp */; };
		712B64A421BD990B003A9718 /* Leaf Brawl.ini in CopyFiles */ = {isa = PBXBuildFile; fileRef = 712B649721BD988D003A9718 /* Leaf Brawl.ini */; settings = {ATTRIBUTES = (CodeSignOnCopy, ); }; };
		712B64A821BDAB14003A9718 /* Entity.cpp in Sources */ = {isa = PBXBuildFile; fileRef = 712B64A621BDAB14003A9718 /* Entity.cpp */; };
		712B64AB21BDAB49003A9718 /* Player.cpp in Sources */ = {isa = PBXBuildFile; fileRef = 712B64A921BDAB49003A9718 /* Player.cpp */; };
		712B64AC21BDB129003A9718 /* liborx.dylib in CopyFiles */ = {isa = PBXBuildFile; fileRef = 712B649921BD988D003A9718 /* liborx.dylib */; settings = {ATTRIBUTES = (CodeSignOnCopy, ); }; };
		712B64B321BDB9EB003A9718 /* Player.ini in CopyFiles */ = {isa = PBXBuildFile; fileRef = 712B64B021BDB66F003A9718 /* Player.ini */; settings = {ATTRIBUTES = (CodeSignOnCopy, ); }; };
		712B64B421BDB9EB003A9718 /* Entity.ini in CopyFiles */ = {isa = PBXBuildFile; fileRef = 712B64B121BDB710003A9718 /* Entity.ini */; settings = {ATTRIBUTES = (CodeSignOnCopy, ); }; };
		712B64B521BDB9EB003A9718 /* Actionable.ini in CopyFiles */ = {isa = PBXBuildFile; fileRef = 712B64B221BDB72C003A9718 /* Actionable.ini */; settings = {ATTRIBUTES = (CodeSignOnCopy, ); }; };
		718BB82821BFAD350028B298 /* Diskette.png in CopyFiles */ = {isa = PBXBuildFile; fileRef = 718BB82021BFAD2A0028B298 /* Diskette.png */; settings = {ATTRIBUTES = (CodeSignOnCopy, ); }; };
		718BB82C21BFAD3E0028B298 /* Tiles.png in CopyFiles */ = {isa = PBXBuildFile; fileRef = 718BB82521BFAD2A0028B298 /* Tiles.png */; settings = {ATTRIBUTES = (CodeSignOnCopy, ); }; };
		718BB83221BFE5370028B298 /* Actionable.cpp in Sources */ = {isa = PBXBuildFile; fileRef = 718BB83021BFE5370028B298 /* Actionable.cpp */; };
		718BB83521BFEDCA0028B298 /* PlayerIO.cpp in Sources */ = {isa = PBXBuildFile; fileRef = 718BB83321BFEDCA0028B298 /* PlayerIO.cpp */; };
		718BB83821BFF0230028B298 /* Elevator.cpp in Sources */ = {isa = PBXBuildFile; fileRef = 718BB83621BFF0230028B298 /* Elevator.cpp */; };
		718BB83A21C017F10028B298 /* liborxd.dylib in CopyFiles */ = {isa = PBXBuildFile; fileRef = 712B649B21BD988D003A9718 /* liborxd.dylib */; settings = {ATTRIBUTES = (CodeSignOnCopy, ); }; };
		718BB83C21C017F50028B298 /* liborxd.dylib in Frameworks */ = {isa = PBXBuildFile; fileRef = 712B649B21BD988D003A9718 /* liborxd.dylib */; };
		718BB83D21C018130028B298 /* Town.ini in CopyFiles */ = {isa = PBXBuildFile; fileRef = 718BB81121BFAB170028B298 /* Town.ini */; settings = {ATTRIBUTES = (CodeSignOnCopy, ); }; };
		718BB83E21C018130028B298 /* Maps.ini in CopyFiles */ = {isa = PBXBuildFile; fileRef = 718BB81221BFABE80028B298 /* Maps.ini */; settings = {ATTRIBUTES = (CodeSignOnCopy, ); }; };
		718BB83F21C018130028B298 /* Battle.ini in CopyFiles */ = {isa = PBXBuildFile; fileRef = 718BB83921BFF3CC0028B298 /* Battle.ini */; settings = {ATTRIBUTES = (CodeSignOnCopy, ); }; };
		718BB84121C063C70028B298 /* Platform.png in CopyFiles */ = {isa = PBXBuildFile; fileRef = 718BB84021C063C20028B298 /* Platform.png */; settings = {ATTRIBUTES = (CodeSignOnCopy, ); }; };
		718BB84521C0699E0028B298 /* Scene.cpp in Sources */ = {isa = PBXBuildFile; fileRef = 718BB84321C0699E0028B298 /* Scene.cpp */; };
		718BB84821C069A50028B298 /* Town.cpp in Sources */ = {isa = PBXBuildFile; fileRef = 718BB84621C069A50028B298 /* Town.cpp */; };
/* End PBXBuildFile section */

/* Begin PBXCopyFilesBuildPhase section */
		712B642521BD95FB003A9718 /* CopyFiles */ = {
			isa = PBXCopyFilesBuildPhase;
			buildActionMask = 12;
			dstPath = "";
			dstSubfolderSpec = 16;
			files = (
				712B64A421BD990B003A9718 /* Leaf Brawl.ini in CopyFiles */,
				712B64B321BDB9EB003A9718 /* Player.ini in CopyFiles */,
				712B64B421BDB9EB003A9718 /* Entity.ini in CopyFiles */,
				712B64B521BDB9EB003A9718 /* Actionable.ini in CopyFiles */,
				718BB83D21C018130028B298 /* Town.ini in CopyFiles */,
				718BB83E21C018130028B298 /* Maps.ini in CopyFiles */,
				718BB83F21C018130028B298 /* Battle.ini in CopyFiles */,
				712B64AC21BDB129003A9718 /* liborx.dylib in CopyFiles */,
				718BB83A21C017F10028B298 /* liborxd.dylib in CopyFiles */,
				7120911D21C1042400F6DD80 /* StyleChanger.png in CopyFiles */,
				7120911B21C0ECE900F6DD80 /* Leaves.png in CopyFiles */,
				718BB84121C063C70028B298 /* Platform.png in CopyFiles */,
				718BB82821BFAD350028B298 /* Diskette.png in CopyFiles */,
				718BB82C21BFAD3E0028B298 /* Tiles.png in CopyFiles */,
			);
			runOnlyForDeploymentPostprocessing = 0;
		};
/* End PBXCopyFilesBuildPhase section */

/* Begin PBXFileReference section */
		7120911721C0E8DC00F6DD80 /* StyleChanger.cpp */ = {isa = PBXFileReference; lastKnownFileType = sourcecode.cpp.cpp; path = StyleChanger.cpp; sourceTree = "<group>"; };
		7120911821C0E8DC00F6DD80 /* StyleChanger.h */ = {isa = PBXFileReference; lastKnownFileType = sourcecode.c.h; path = StyleChanger.h; sourceTree = "<group>"; };
		7120911A21C0ECE600F6DD80 /* Leaves.png */ = {isa = PBXFileReference; lastKnownFileType = image.png; path = Leaves.png; sourceTree = "<group>"; };
		7120911C21C1041E00F6DD80 /* StyleChanger.png */ = {isa = PBXFileReference; lastKnownFileType = image.png; path = StyleChanger.png; sourceTree = "<group>"; };
		712B642721BD95FB003A9718 /* Leaf Brawl */ = {isa = PBXFileReference; explicitFileType = "compiled.mach-o.executable"; includeInIndex = 0; path = "Leaf Brawl"; sourceTree = BUILT_PRODUCTS_DIR; };
		712B643221BD984B003A9718 /* Main.cpp */ = {isa = PBXFileReference; fileEncoding = 4; lastKnownFileType = sourcecode.cpp.cpp; path = Main.cpp; sourceTree = "<group>"; };
		712B643321BD984B003A9718 /* StandAlone.cpp */ = {isa = PBXFileReference; fileEncoding = 4; lastKnownFileType = sourcecode.cpp.cpp; path = StandAlone.cpp; sourceTree = "<group>"; };
		712B643421BD984B003A9718 /* StandAlone.h */ = {isa = PBXFileReference; fileEncoding = 4; lastKnownFileType = sourcecode.c.h; path = StandAlone.h; sourceTree = "<group>"; };
		712B643921BD988D003A9718 /* orxAnim.h */ = {isa = PBXFileReference; fileEncoding = 4; lastKnownFileType = sourcecode.c.h; path = orxAnim.h; sourceTree = "<group>"; };
		712B643A21BD988D003A9718 /* orxAnimPointer.h */ = {isa = PBXFileReference; fileEncoding = 4; lastKnownFileType = sourcecode.c.h; path = orxAnimPointer.h; sourceTree = "<group>"; };
		712B643B21BD988D003A9718 /* orxAnimSet.h */ = {isa = PBXFileReference; fileEncoding = 4; lastKnownFileType = sourcecode.c.h; path = orxAnimSet.h; sourceTree = "<group>"; };
		712B643D21BD988D003A9718 /* orxBuild.h */ = {isa = PBXFileReference; fileEncoding = 4; lastKnownFileType = sourcecode.c.h; path = orxBuild.h; sourceTree = "<group>"; };
		712B643E21BD988D003A9718 /* orxDecl.h */ = {isa = PBXFileReference; fileEncoding = 4; lastKnownFileType = sourcecode.c.h; path = orxDecl.h; sourceTree = "<group>"; };
		712B643F21BD988D003A9718 /* orxModule.h */ = {isa = PBXFileReference; fileEncoding = 4; lastKnownFileType = sourcecode.c.h; path = orxModule.h; sourceTree = "<group>"; };
		712B644021BD988D003A9718 /* orxType.h */ = {isa = PBXFileReference; fileEncoding = 4; lastKnownFileType = sourcecode.c.h; path = orxType.h; sourceTree = "<group>"; };
		712B644121BD988D003A9718 /* orxVersion.h */ = {isa = PBXFileReference; fileEncoding = 4; lastKnownFileType = sourcecode.c.h; path = orxVersion.h; sourceTree = "<group>"; };
		712B644321BD988D003A9718 /* orxClock.h */ = {isa = PBXFileReference; fileEncoding = 4; lastKnownFileType = sourcecode.c.h; path = orxClock.h; sourceTree = "<group>"; };
		712B644421BD988D003A9718 /* orxCommand.h */ = {isa = PBXFileReference; fileEncoding = 4; lastKnownFileType = sourcecode.c.h; path = orxCommand.h; sourceTree = "<group>"; };
		712B644521BD988D003A9718 /* orxConfig.h */ = {isa = PBXFileReference; fileEncoding = 4; lastKnownFileType = sourcecode.c.h; path = orxConfig.h; sourceTree = "<group>"; };
		712B644621BD988D003A9718 /* orxConsole.h */ = {isa = PBXFileReference; fileEncoding = 4; lastKnownFileType = sourcecode.c.h; path = orxConsole.h; sourceTree = "<group>"; };
		712B644721BD988D003A9718 /* orxEvent.h */ = {isa = PBXFileReference; fileEncoding = 4; lastKnownFileType = sourcecode.c.h; path = orxEvent.h; sourceTree = "<group>"; };
		712B644821BD988D003A9718 /* orxLocale.h */ = {isa = PBXFileReference; fileEncoding = 4; lastKnownFileType = sourcecode.c.h; path = orxLocale.h; sourceTree = "<group>"; };
		712B644921BD988D003A9718 /* orxResource.h */ = {isa = PBXFileReference; fileEncoding = 4; lastKnownFileType = sourcecode.c.h; path = orxResource.h; sourceTree = "<group>"; };
		712B644A21BD988D003A9718 /* orxSystem.h */ = {isa = PBXFileReference; fileEncoding = 4; lastKnownFileType = sourcecode.c.h; path = orxSystem.h; sourceTree = "<group>"; };
		712B644B21BD988D003A9718 /* orxThread.h */ = {isa = PBXFileReference; fileEncoding = 4; lastKnownFileType = sourcecode.c.h; path = orxThread.h; sourceTree = "<group>"; };
		712B644D21BD988D003A9718 /* orxDebug.h */ = {isa = PBXFileReference; fileEncoding = 4; lastKnownFileType = sourcecode.c.h; path = orxDebug.h; sourceTree = "<group>"; };
		712B644E21BD988D003A9718 /* orxFPS.h */ = {isa = PBXFileReference; fileEncoding = 4; lastKnownFileType = sourcecode.c.h; path = orxFPS.h; sourceTree = "<group>"; };
		712B644F21BD988D003A9718 /* orxProfiler.h */ = {isa = PBXFileReference; fileEncoding = 4; lastKnownFileType = sourcecode.c.h; path = orxProfiler.h; sourceTree = "<group>"; };
		712B645121BD988D003A9718 /* orxDisplay.h */ = {isa = PBXFileReference; fileEncoding = 4; lastKnownFileType = sourcecode.c.h; path = orxDisplay.h; sourceTree = "<group>"; };
		712B645221BD988D003A9718 /* orxFont.h */ = {isa = PBXFileReference; fileEncoding = 4; lastKnownFileType = sourcecode.c.h; path = orxFont.h; sourceTree = "<group>"; };
		712B645321BD988D003A9718 /* orxGraphic.h */ = {isa = PBXFileReference; fileEncoding = 4; lastKnownFileType = sourcecode.c.h; path = orxGraphic.h; sourceTree = "<group>"; };
		712B645421BD988D003A9718 /* orxScreenshot.h */ = {isa = PBXFileReference; fileEncoding = 4; lastKnownFileType = sourcecode.c.h; path = orxScreenshot.h; sourceTree = "<group>"; };
		712B645521BD988D003A9718 /* orxText.h */ = {isa = PBXFileReference; fileEncoding = 4; lastKnownFileType = sourcecode.c.h; path = orxText.h; sourceTree = "<group>"; };
		712B645621BD988D003A9718 /* orxTexture.h */ = {isa = PBXFileReference; fileEncoding = 4; lastKnownFileType = sourcecode.c.h; path = orxTexture.h; sourceTree = "<group>"; };
		712B645821BD988D003A9718 /* orxFile.h */ = {isa = PBXFileReference; fileEncoding = 4; lastKnownFileType = sourcecode.c.h; path = orxFile.h; sourceTree = "<group>"; };
		712B645921BD988D003A9718 /* orxInput.h */ = {isa = PBXFileReference; fileEncoding = 4; lastKnownFileType = sourcecode.c.h; path = orxInput.h; sourceTree = "<group>"; };
		712B645A21BD988D003A9718 /* orxJoystick.h */ = {isa = PBXFileReference; fileEncoding = 4; lastKnownFileType = sourcecode.c.h; path = orxJoystick.h; sourceTree = "<group>"; };
		712B645B21BD988D003A9718 /* orxKeyboard.h */ = {isa = PBXFileReference; fileEncoding = 4; lastKnownFileType = sourcecode.c.h; path = orxKeyboard.h; sourceTree = "<group>"; };
		712B645C21BD988D003A9718 /* orxMouse.h */ = {isa = PBXFileReference; fileEncoding = 4; lastKnownFileType = sourcecode.c.h; path = orxMouse.h; sourceTree = "<group>"; };
		712B645E21BD988D003A9718 /* orxAndroid.h */ = {isa = PBXFileReference; fileEncoding = 4; lastKnownFileType = sourcecode.c.h; path = orxAndroid.h; sourceTree = "<group>"; };
		712B645F21BD988D003A9718 /* orxParam.h */ = {isa = PBXFileReference; fileEncoding = 4; lastKnownFileType = sourcecode.c.h; path = orxParam.h; sourceTree = "<group>"; };
		712B646121BD988D003A9718 /* orxAABox.h */ = {isa = PBXFileReference; fileEncoding = 4; lastKnownFileType = sourcecode.c.h; path = orxAABox.h; sourceTree = "<group>"; };
		712B646221BD988D003A9718 /* orxMath.h */ = {isa = PBXFileReference; fileEncoding = 4; lastKnownFileType = sourcecode.c.h; path = orxMath.h; sourceTree = "<group>"; };
		712B646321BD988D003A9718 /* orxOBox.h */ = {isa = PBXFileReference; fileEncoding = 4; lastKnownFileType = sourcecode.c.h; path = orxOBox.h; sourceTree = "<group>"; };
		712B646421BD988D003A9718 /* orxVector.h */ = {isa = PBXFileReference; fileEncoding = 4; lastKnownFileType = sourcecode.c.h; path = orxVector.h; sourceTree = "<group>"; };
		712B646621BD988D003A9718 /* orxBank.h */ = {isa = PBXFileReference; fileEncoding = 4; lastKnownFileType = sourcecode.c.h; path = orxBank.h; sourceTree = "<group>"; };
		712B646721BD988D003A9718 /* orxMemory.h */ = {isa = PBXFileReference; fileEncoding = 4; lastKnownFileType = sourcecode.c.h; path = orxMemory.h; sourceTree = "<group>"; };
		712B646921BD988D003A9718 /* orxFrame.h */ = {isa = PBXFileReference; fileEncoding = 4; lastKnownFileType = sourcecode.c.h; path = orxFrame.h; sourceTree = "<group>"; };
		712B646A21BD988D003A9718 /* orxFX.h */ = {isa = PBXFileReference; fileEncoding = 4; lastKnownFileType = sourcecode.c.h; path = orxFX.h; sourceTree = "<group>"; };
		712B646B21BD988D003A9718 /* orxFXPointer.h */ = {isa = PBXFileReference; fileEncoding = 4; lastKnownFileType = sourcecode.c.h; path = orxFXPointer.h; sourceTree = "<group>"; };
		712B646C21BD988D003A9718 /* orxObject.h */ = {isa = PBXFileReference; fileEncoding = 4; lastKnownFileType = sourcecode.c.h; path = orxObject.h; sourceTree = "<group>"; };
		712B646D21BD988D003A9718 /* orxSpawner.h */ = {isa = PBXFileReference; fileEncoding = 4; lastKnownFileType = sourcecode.c.h; path = orxSpawner.h; sourceTree = "<group>"; };
		712B646E21BD988D003A9718 /* orxStructure.h */ = {isa = PBXFileReference; fileEncoding = 4; lastKnownFileType = sourcecode.c.h; path = orxStructure.h; sourceTree = "<group>"; };
		712B646F21BD988D003A9718 /* orxTimeLine.h */ = {isa = PBXFileReference; fileEncoding = 4; lastKnownFileType = sourcecode.c.h; path = orxTimeLine.h; sourceTree = "<group>"; };
		712B647021BD988D003A9718 /* orx.h */ = {isa = PBXFileReference; fileEncoding = 4; lastKnownFileType = sourcecode.c.h; path = orx.h; sourceTree = "<group>"; };
		712B647121BD988D003A9718 /* orxInclude.h */ = {isa = PBXFileReference; fileEncoding = 4; lastKnownFileType = sourcecode.c.h; path = orxInclude.h; sourceTree = "<group>"; };
		712B647221BD988D003A9718 /* orxKernel.h */ = {isa = PBXFileReference; fileEncoding = 4; lastKnownFileType = sourcecode.c.h; path = orxKernel.h; sourceTree = "<group>"; };
		712B647321BD988D003A9718 /* orxPluginAPI.h */ = {isa = PBXFileReference; fileEncoding = 4; lastKnownFileType = sourcecode.c.h; path = orxPluginAPI.h; sourceTree = "<group>"; };
		712B647421BD988D003A9718 /* orxUtils.h */ = {isa = PBXFileReference; fileEncoding = 4; lastKnownFileType = sourcecode.c.h; path = orxUtils.h; sourceTree = "<group>"; };
		712B647621BD988D003A9718 /* orxBody.h */ = {isa = PBXFileReference; fileEncoding = 4; lastKnownFileType = sourcecode.c.h; path = orxBody.h; sourceTree = "<group>"; };
		712B647721BD988D003A9718 /* orxPhysics.h */ = {isa = PBXFileReference; fileEncoding = 4; lastKnownFileType = sourcecode.c.h; path = orxPhysics.h; sourceTree = "<group>"; };
		712B647A21BD988D003A9718 /* orxPlugin_CoreDefine.h */ = {isa = PBXFileReference; fileEncoding = 4; lastKnownFileType = sourcecode.c.h; path = orxPlugin_CoreDefine.h; sourceTree = "<group>"; };
		712B647B21BD988D003A9718 /* orxPlugin_CoreID.h */ = {isa = PBXFileReference; fileEncoding = 4; lastKnownFileType = sourcecode.c.h; path = orxPlugin_CoreID.h; sourceTree = "<group>"; };
		712B647C21BD988D003A9718 /* orxPlugin_Display.h */ = {isa = PBXFileReference; fileEncoding = 4; lastKnownFileType = sourcecode.c.h; path = orxPlugin_Display.h; sourceTree = "<group>"; };
		712B647D21BD988D003A9718 /* orxPlugin_Joystick.h */ = {isa = PBXFileReference; fileEncoding = 4; lastKnownFileType = sourcecode.c.h; path = orxPlugin_Joystick.h; sourceTree = "<group>"; };
		712B647E21BD988D003A9718 /* orxPlugin_Keyboard.h */ = {isa = PBXFileReference; fileEncoding = 4; lastKnownFileType = sourcecode.c.h; path = orxPlugin_Keyboard.h; sourceTree = "<group>"; };
		712B647F21BD988D003A9718 /* orxPlugin_Mouse.h */ = {isa = PBXFileReference; fileEncoding = 4; lastKnownFileType = sourcecode.c.h; path = orxPlugin_Mouse.h; sourceTree = "<group>"; };
		712B648021BD988D003A9718 /* orxPlugin_Physics.h */ = {isa = PBXFileReference; fileEncoding = 4; lastKnownFileType = sourcecode.c.h; path = orxPlugin_Physics.h; sourceTree = "<group>"; };
		712B648121BD988D003A9718 /* orxPlugin_Render.h */ = {isa = PBXFileReference; fileEncoding = 4; lastKnownFileType = sourcecode.c.h; path = orxPlugin_Render.h; sourceTree = "<group>"; };
		712B648221BD988D003A9718 /* orxPlugin_SoundSystem.h */ = {isa = PBXFileReference; fileEncoding = 4; lastKnownFileType = sourcecode.c.h; path = orxPlugin_SoundSystem.h; sourceTree = "<group>"; };
		712B648321BD988D003A9718 /* orxPlugin.h */ = {isa = PBXFileReference; fileEncoding = 4; lastKnownFileType = sourcecode.c.h; path = orxPlugin.h; sourceTree = "<group>"; };
		712B648421BD988D003A9718 /* orxPluginCore.h */ = {isa = PBXFileReference; fileEncoding = 4; lastKnownFileType = sourcecode.c.h; path = orxPluginCore.h; sourceTree = "<group>"; };
		712B648521BD988D003A9718 /* orxPluginType.h */ = {isa = PBXFileReference; fileEncoding = 4; lastKnownFileType = sourcecode.c.h; path = orxPluginType.h; sourceTree = "<group>"; };
		712B648621BD988D003A9718 /* orxPluginUser.h */ = {isa = PBXFileReference; fileEncoding = 4; lastKnownFileType = sourcecode.c.h; path = orxPluginUser.h; sourceTree = "<group>"; };
		712B648821BD988D003A9718 /* orxCamera.h */ = {isa = PBXFileReference; fileEncoding = 4; lastKnownFileType = sourcecode.c.h; path = orxCamera.h; sourceTree = "<group>"; };
		712B648921BD988D003A9718 /* orxRender.h */ = {isa = PBXFileReference; fileEncoding = 4; lastKnownFileType = sourcecode.c.h; path = orxRender.h; sourceTree = "<group>"; };
		712B648A21BD988D003A9718 /* orxShader.h */ = {isa = PBXFileReference; fileEncoding = 4; lastKnownFileType = sourcecode.c.h; path = orxShader.h; sourceTree = "<group>"; };
		712B648B21BD988D003A9718 /* orxShaderPointer.h */ = {isa = PBXFileReference; fileEncoding = 4; lastKnownFileType = sourcecode.c.h; path = orxShaderPointer.h; sourceTree = "<group>"; };
		712B648C21BD988D003A9718 /* orxViewport.h */ = {isa = PBXFileReference; fileEncoding = 4; lastKnownFileType = sourcecode.c.h; path = orxViewport.h; sourceTree = "<group>"; };
		712B648E21BD988D003A9718 /* orxSound.h */ = {isa = PBXFileReference; fileEncoding = 4; lastKnownFileType = sourcecode.c.h; path = orxSound.h; sourceTree = "<group>"; };
		712B648F21BD988D003A9718 /* orxSoundPointer.h */ = {isa = PBXFileReference; fileEncoding = 4; lastKnownFileType = sourcecode.c.h; path = orxSoundPointer.h; sourceTree = "<group>"; };
		712B649021BD988D003A9718 /* orxSoundSystem.h */ = {isa = PBXFileReference; fileEncoding = 4; lastKnownFileType = sourcecode.c.h; path = orxSoundSystem.h; sourceTree = "<group>"; };
		712B649221BD988D003A9718 /* orxHashTable.h */ = {isa = PBXFileReference; fileEncoding = 4; lastKnownFileType = sourcecode.c.h; path = orxHashTable.h; sourceTree = "<group>"; };
		712B649321BD988D003A9718 /* orxLinkList.h */ = {isa = PBXFileReference; fileEncoding = 4; lastKnownFileType = sourcecode.c.h; path = orxLinkList.h; sourceTree = "<group>"; };
		712B649421BD988D003A9718 /* orxString.h */ = {isa = PBXFileReference; fileEncoding = 4; lastKnownFileType = sourcecode.c.h; path = orxString.h; sourceTree = "<group>"; };
		712B649521BD988D003A9718 /* orxTree.h */ = {isa = PBXFileReference; fileEncoding = 4; lastKnownFileType = sourcecode.c.h; path = orxTree.h; sourceTree = "<group>"; };
		712B649721BD988D003A9718 /* Leaf Brawl.ini */ = {isa = PBXFileReference; fileEncoding = 4; lastKnownFileType = text; path = "Leaf Brawl.ini"; sourceTree = "<group>"; };
		712B649921BD988D003A9718 /* liborx.dylib */ = {isa = PBXFileReference; lastKnownFileType = "compiled.mach-o.dylib"; path = liborx.dylib; sourceTree = "<group>"; };
		712B649B21BD988D003A9718 /* liborxd.dylib */ = {isa = PBXFileReference; lastKnownFileType = "compiled.mach-o.dylib"; path = liborxd.dylib; sourceTree = "<group>"; };
		712B64A221BD989D003A9718 /* LICENSE */ = {isa = PBXFileReference; fileEncoding = 4; lastKnownFileType = text; path = LICENSE; sourceTree = "<group>"; };
		712B64A321BD989E003A9718 /* README.md */ = {isa = PBXFileReference; fileEncoding = 4; lastKnownFileType = net.daringfireball.markdown; path = README.md; sourceTree = "<group>"; };
		712B64A621BDAB14003A9718 /* Entity.cpp */ = {isa = PBXFileReference; lastKnownFileType = sourcecode.cpp.cpp; path = Entity.cpp; sourceTree = "<group>"; };
		712B64A721BDAB14003A9718 /* Entity.h */ = {isa = PBXFileReference; lastKnownFileType = sourcecode.c.h; path = Entity.h; sourceTree = "<group>"; };
		712B64A921BDAB49003A9718 /* Player.cpp */ = {isa = PBXFileReference; lastKnownFileType = sourcecode.cpp.cpp; path = Player.cpp; sourceTree = "<group>"; };
		712B64AA21BDAB49003A9718 /* Player.h */ = {isa = PBXFileReference; lastKnownFileType = sourcecode.c.h; path = Player.h; sourceTree = "<group>"; };
		712B64AE21BDB1DD003A9718 /* Info.plist */ = {isa = PBXFileReference; fileEncoding = 4; lastKnownFileType = text.plist.xml; path = Info.plist; sourceTree = "<group>"; };
		712B64AF21BDB1DD003A9718 /* version.plist */ = {isa = PBXFileReference; fileEncoding = 4; lastKnownFileType = text.plist.xml; path = version.plist; sourceTree = "<group>"; };
		712B64B021BDB66F003A9718 /* Player.ini */ = {isa = PBXFileReference; lastKnownFileType = text; path = Player.ini; sourceTree = "<group>"; };
		712B64B121BDB710003A9718 /* Entity.ini */ = {isa = PBXFileReference; lastKnownFileType = text; path = Entity.ini; sourceTree = "<group>"; };
		712B64B221BDB72C003A9718 /* Actionable.ini */ = {isa = PBXFileReference; lastKnownFileType = text; path = Actionable.ini; sourceTree = "<group>"; };
		718BB81021BFA7950028B298 /* CREDITS */ = {isa = PBXFileReference; lastKnownFileType = text; path = CREDITS; sourceTree = "<group>"; };
		718BB81121BFAB170028B298 /* Town.ini */ = {isa = PBXFileReference; lastKnownFileType = text; path = Town.ini; sourceTree = "<group>"; };
		718BB81221BFABE80028B298 /* Maps.ini */ = {isa = PBXFileReference; lastKnownFileType = text; path = Maps.ini; sourceTree = "<group>"; };
		718BB82021BFAD2A0028B298 /* Diskette.png */ = {isa = PBXFileReference; lastKnownFileType = image.png; path = Diskette.png; sourceTree = "<group>"; };
		718BB82521BFAD2A0028B298 /* Tiles.png */ = {isa = PBXFileReference; lastKnownFileType = image.png; path = Tiles.png; sourceTree = "<group>"; };
		718BB83021BFE5370028B298 /* Actionable.cpp */ = {isa = PBXFileReference; lastKnownFileType = sourcecode.cpp.cpp; path = Actionable.cpp; sourceTree = "<group>"; };
		718BB83121BFE5370028B298 /* Actionable.h */ = {isa = PBXFileReference; lastKnownFileType = sourcecode.c.h; path = Actionable.h; sourceTree = "<group>"; };
		718BB83321BFEDCA0028B298 /* PlayerIO.cpp */ = {isa = PBXFileReference; lastKnownFileType = sourcecode.cpp.cpp; path = PlayerIO.cpp; sourceTree = "<group>"; };
		718BB83421BFEDCA0028B298 /* PlayerIO.h */ = {isa = PBXFileReference; lastKnownFileType = sourcecode.c.h; path = PlayerIO.h; sourceTree = "<group>"; };
		718BB83621BFF0230028B298 /* Elevator.cpp */ = {isa = PBXFileReference; lastKnownFileType = sourcecode.cpp.cpp; path = Elevator.cpp; sourceTree = "<group>"; };
		718BB83721BFF0230028B298 /* Elevator.h */ = {isa = PBXFileReference; lastKnownFileType = sourcecode.c.h; path = Elevator.h; sourceTree = "<group>"; };
		718BB83921BFF3CC0028B298 /* Battle.ini */ = {isa = PBXFileReference; lastKnownFileType = text; path = Battle.ini; sourceTree = "<group>"; };
		718BB84021C063C20028B298 /* Platform.png */ = {isa = PBXFileReference; lastKnownFileType = image.png; path = Platform.png; sourceTree = "<group>"; };
		718BB84321C0699E0028B298 /* Scene.cpp */ = {isa = PBXFileReference; lastKnownFileType = sourcecode.cpp.cpp; path = Scene.cpp; sourceTree = "<group>"; };
		718BB84421C0699E0028B298 /* Scene.h */ = {isa = PBXFileReference; lastKnownFileType = sourcecode.c.h; path = Scene.h; sourceTree = "<group>"; };
		718BB84621C069A50028B298 /* Town.cpp */ = {isa = PBXFileReference; lastKnownFileType = sourcecode.cpp.cpp; path = Town.cpp; sourceTree = "<group>"; };
		718BB84721C069A50028B298 /* Town.h */ = {isa = PBXFileReference; lastKnownFileType = sourcecode.c.h; path = Town.h; sourceTree = "<group>"; };
/* End PBXFileReference section */

/* Begin PBXFrameworksBuildPhase section */
		712B642421BD95FB003A9718 /* Frameworks */ = {
			isa = PBXFrameworksBuildPhase;
			buildActionMask = 2147483647;
			files = (
				718BB83C21C017F50028B298 /* liborxd.dylib in Frameworks */,
			);
			runOnlyForDeploymentPostprocessing = 0;
		};
/* End PBXFrameworksBuildPhase section */

/* Begin PBXGroup section */
		712B641E21BD95FB003A9718 = {
			isa = PBXGroup;
			children = (
				712B64A121BD9895003A9718 /* Meta */,
				712B642921BD95FB003A9718 /* Leaf Brawl */,
				712B642821BD95FB003A9718 /* Products */,
				718BB83B21C017F50028B298 /* Frameworks */,
			);
			sourceTree = "<group>";
		};
		712B642821BD95FB003A9718 /* Products */ = {
			isa = PBXGroup;
			children = (
				712B642721BD95FB003A9718 /* Leaf Brawl */,
			);
			name = Products;
			sourceTree = "<group>";
		};
		712B642921BD95FB003A9718 /* Leaf Brawl */ = {
			isa = PBXGroup;
			children = (
				718BB82D21BFE50D0028B298 /* Actionable */,
				718BB81D21BFAD2A0028B298 /* Assets */,
				712B64AD21BDB1DD003A9718 /* Metadata */,
				718BB84221C069830028B298 /* Scenes */,
				712B643121BD984B003A9718 /* App */,
				712B64A521BDAAEE003A9718 /* Entities */,
				712B649621BD988D003A9718 /* bin */,
				712B643721BD988D003A9718 /* inc */,
				712B649821BD988D003A9718 /* lib */,
			);
			path = "Leaf Brawl";
			sourceTree = "<group>";
		};
		712B643121BD984B003A9718 /* App */ = {
			isa = PBXGroup;
			children = (
				712B643221BD984B003A9718 /* Main.cpp */,
				712B643321BD984B003A9718 /* StandAlone.cpp */,
				712B643421BD984B003A9718 /* StandAlone.h */,
			);
			path = App;
			sourceTree = "<group>";
		};
		712B643721BD988D003A9718 /* inc */ = {
			isa = PBXGroup;
			children = (
				712B643821BD988D003A9718 /* anim */,
				712B643C21BD988D003A9718 /* base */,
				712B644221BD988D003A9718 /* core */,
				712B644C21BD988D003A9718 /* debug */,
				712B645021BD988D003A9718 /* display */,
				712B645721BD988D003A9718 /* io */,
				712B645D21BD988D003A9718 /* main */,
				712B646021BD988D003A9718 /* math */,
				712B646521BD988D003A9718 /* memory */,
				712B646821BD988D003A9718 /* object */,
				712B647021BD988D003A9718 /* orx.h */,
				712B647121BD988D003A9718 /* orxInclude.h */,
				712B647221BD988D003A9718 /* orxKernel.h */,
				712B647321BD988D003A9718 /* orxPluginAPI.h */,
				712B647421BD988D003A9718 /* orxUtils.h */,
				712B647521BD988D003A9718 /* physics */,
				712B647821BD988D003A9718 /* plugin */,
				712B648721BD988D003A9718 /* render */,
				712B648D21BD988D003A9718 /* sound */,
				712B649121BD988D003A9718 /* utils */,
			);
			path = inc;
			sourceTree = SOURCE_ROOT;
		};
		712B643821BD988D003A9718 /* anim */ = {
			isa = PBXGroup;
			children = (
				712B643921BD988D003A9718 /* orxAnim.h */,
				712B643A21BD988D003A9718 /* orxAnimPointer.h */,
				712B643B21BD988D003A9718 /* orxAnimSet.h */,
			);
			path = anim;
			sourceTree = "<group>";
		};
		712B643C21BD988D003A9718 /* base */ = {
			isa = PBXGroup;
			children = (
				712B643D21BD988D003A9718 /* orxBuild.h */,
				712B643E21BD988D003A9718 /* orxDecl.h */,
				712B643F21BD988D003A9718 /* orxModule.h */,
				712B644021BD988D003A9718 /* orxType.h */,
				712B644121BD988D003A9718 /* orxVersion.h */,
			);
			path = base;
			sourceTree = "<group>";
		};
		712B644221BD988D003A9718 /* core */ = {
			isa = PBXGroup;
			children = (
				712B644321BD988D003A9718 /* orxClock.h */,
				712B644421BD988D003A9718 /* orxCommand.h */,
				712B644521BD988D003A9718 /* orxConfig.h */,
				712B644621BD988D003A9718 /* orxConsole.h */,
				712B644721BD988D003A9718 /* orxEvent.h */,
				712B644821BD988D003A9718 /* orxLocale.h */,
				712B644921BD988D003A9718 /* orxResource.h */,
				712B644A21BD988D003A9718 /* orxSystem.h */,
				712B644B21BD988D003A9718 /* orxThread.h */,
			);
			path = core;
			sourceTree = "<group>";
		};
		712B644C21BD988D003A9718 /* debug */ = {
			isa = PBXGroup;
			children = (
				712B644D21BD988D003A9718 /* orxDebug.h */,
				712B644E21BD988D003A9718 /* orxFPS.h */,
				712B644F21BD988D003A9718 /* orxProfiler.h */,
			);
			path = debug;
			sourceTree = "<group>";
		};
		712B645021BD988D003A9718 /* display */ = {
			isa = PBXGroup;
			children = (
				712B645121BD988D003A9718 /* orxDisplay.h */,
				712B645221BD988D003A9718 /* orxFont.h */,
				712B645321BD988D003A9718 /* orxGraphic.h */,
				712B645421BD988D003A9718 /* orxScreenshot.h */,
				712B645521BD988D003A9718 /* orxText.h */,
				712B645621BD988D003A9718 /* orxTexture.h */,
			);
			path = display;
			sourceTree = "<group>";
		};
		712B645721BD988D003A9718 /* io */ = {
			isa = PBXGroup;
			children = (
				712B645821BD988D003A9718 /* orxFile.h */,
				712B645921BD988D003A9718 /* orxInput.h */,
				712B645A21BD988D003A9718 /* orxJoystick.h */,
				712B645B21BD988D003A9718 /* orxKeyboard.h */,
				712B645C21BD988D003A9718 /* orxMouse.h */,
			);
			path = io;
			sourceTree = "<group>";
		};
		712B645D21BD988D003A9718 /* main */ = {
			isa = PBXGroup;
			children = (
				712B645E21BD988D003A9718 /* orxAndroid.h */,
				712B645F21BD988D003A9718 /* orxParam.h */,
			);
			path = main;
			sourceTree = "<group>";
		};
		712B646021BD988D003A9718 /* math */ = {
			isa = PBXGroup;
			children = (
				712B646121BD988D003A9718 /* orxAABox.h */,
				712B646221BD988D003A9718 /* orxMath.h */,
				712B646321BD988D003A9718 /* orxOBox.h */,
				712B646421BD988D003A9718 /* orxVector.h */,
			);
			path = math;
			sourceTree = "<group>";
		};
		712B646521BD988D003A9718 /* memory */ = {
			isa = PBXGroup;
			children = (
				712B646621BD988D003A9718 /* orxBank.h */,
				712B646721BD988D003A9718 /* orxMemory.h */,
			);
			path = memory;
			sourceTree = "<group>";
		};
		712B646821BD988D003A9718 /* object */ = {
			isa = PBXGroup;
			children = (
				712B646921BD988D003A9718 /* orxFrame.h */,
				712B646A21BD988D003A9718 /* orxFX.h */,
				712B646B21BD988D003A9718 /* orxFXPointer.h */,
				712B646C21BD988D003A9718 /* orxObject.h */,
				712B646D21BD988D003A9718 /* orxSpawner.h */,
				712B646E21BD988D003A9718 /* orxStructure.h */,
				712B646F21BD988D003A9718 /* orxTimeLine.h */,
			);
			path = object;
			sourceTree = "<group>";
		};
		712B647521BD988D003A9718 /* physics */ = {
			isa = PBXGroup;
			children = (
				712B647621BD988D003A9718 /* orxBody.h */,
				712B647721BD988D003A9718 /* orxPhysics.h */,
			);
			path = physics;
			sourceTree = "<group>";
		};
		712B647821BD988D003A9718 /* plugin */ = {
			isa = PBXGroup;
			children = (
				712B647921BD988D003A9718 /* define */,
				712B648321BD988D003A9718 /* orxPlugin.h */,
				712B648421BD988D003A9718 /* orxPluginCore.h */,
				712B648521BD988D003A9718 /* orxPluginType.h */,
				712B648621BD988D003A9718 /* orxPluginUser.h */,
			);
			path = plugin;
			sourceTree = "<group>";
		};
		712B647921BD988D003A9718 /* define */ = {
			isa = PBXGroup;
			children = (
				712B647A21BD988D003A9718 /* orxPlugin_CoreDefine.h */,
				712B647B21BD988D003A9718 /* orxPlugin_CoreID.h */,
				712B647C21BD988D003A9718 /* orxPlugin_Display.h */,
				712B647D21BD988D003A9718 /* orxPlugin_Joystick.h */,
				712B647E21BD988D003A9718 /* orxPlugin_Keyboard.h */,
				712B647F21BD988D003A9718 /* orxPlugin_Mouse.h */,
				712B648021BD988D003A9718 /* orxPlugin_Physics.h */,
				712B648121BD988D003A9718 /* orxPlugin_Render.h */,
				712B648221BD988D003A9718 /* orxPlugin_SoundSystem.h */,
			);
			path = define;
			sourceTree = "<group>";
		};
		712B648721BD988D003A9718 /* render */ = {
			isa = PBXGroup;
			children = (
				712B648821BD988D003A9718 /* orxCamera.h */,
				712B648921BD988D003A9718 /* orxRender.h */,
				712B648A21BD988D003A9718 /* orxShader.h */,
				712B648B21BD988D003A9718 /* orxShaderPointer.h */,
				712B648C21BD988D003A9718 /* orxViewport.h */,
			);
			path = render;
			sourceTree = "<group>";
		};
		712B648D21BD988D003A9718 /* sound */ = {
			isa = PBXGroup;
			children = (
				712B648E21BD988D003A9718 /* orxSound.h */,
				712B648F21BD988D003A9718 /* orxSoundPointer.h */,
				712B649021BD988D003A9718 /* orxSoundSystem.h */,
			);
			path = sound;
			sourceTree = "<group>";
		};
		712B649121BD988D003A9718 /* utils */ = {
			isa = PBXGroup;
			children = (
				712B649221BD988D003A9718 /* orxHashTable.h */,
				712B649321BD988D003A9718 /* orxLinkList.h */,
				712B649421BD988D003A9718 /* orxString.h */,
				712B649521BD988D003A9718 /* orxTree.h */,
			);
			path = utils;
			sourceTree = "<group>";
		};
		712B649621BD988D003A9718 /* bin */ = {
			isa = PBXGroup;
			children = (
				712B649721BD988D003A9718 /* Leaf Brawl.ini */,
				712B64B021BDB66F003A9718 /* Player.ini */,
				712B64B121BDB710003A9718 /* Entity.ini */,
				712B64B221BDB72C003A9718 /* Actionable.ini */,
				718BB81121BFAB170028B298 /* Town.ini */,
				718BB81221BFABE80028B298 /* Maps.ini */,
				718BB83921BFF3CC0028B298 /* Battle.ini */,
			);
			path = bin;
			sourceTree = SOURCE_ROOT;
		};
		712B649821BD988D003A9718 /* lib */ = {
			isa = PBXGroup;
			children = (
				712B649921BD988D003A9718 /* liborx.dylib */,
				712B649B21BD988D003A9718 /* liborxd.dylib */,
			);
			path = lib;
			sourceTree = SOURCE_ROOT;
		};
		712B64A121BD9895003A9718 /* Meta */ = {
			isa = PBXGroup;
			children = (
				712B64A221BD989D003A9718 /* LICENSE */,
				712B64A321BD989E003A9718 /* README.md */,
				718BB81021BFA7950028B298 /* CREDITS */,
			);
			name = Meta;
			sourceTree = "<group>";
		};
		712B64A521BDAAEE003A9718 /* Entities */ = {
			isa = PBXGroup;
			children = (
				712B64A621BDAB14003A9718 /* Entity.cpp */,
				712B64A721BDAB14003A9718 /* Entity.h */,
				712B64A921BDAB49003A9718 /* Player.cpp */,
				712B64AA21BDAB49003A9718 /* Player.h */,
			);
			path = Entities;
			sourceTree = "<group>";
		};
		712B64AD21BDB1DD003A9718 /* Metadata */ = {
			isa = PBXGroup;
			children = (
				712B64AE21BDB1DD003A9718 /* Info.plist */,
				712B64AF21BDB1DD003A9718 /* version.plist */,
			);
			path = Metadata;
			sourceTree = "<group>";
		};
		718BB81D21BFAD2A0028B298 /* Assets */ = {
			isa = PBXGroup;
			children = (
				718BB81E21BFAD2A0028B298 /* Sprites */,
				718BB82421BFAD2A0028B298 /* Tiled */,
			);
			path = Assets;
			sourceTree = SOURCE_ROOT;
		};
		718BB81E21BFAD2A0028B298 /* Sprites */ = {
			isa = PBXGroup;
			children = (
				7120911C21C1041E00F6DD80 /* StyleChanger.png */,
				7120911A21C0ECE600F6DD80 /* Leaves.png */,
				718BB84021C063C20028B298 /* Platform.png */,
				718BB82021BFAD2A0028B298 /* Diskette.png */,
			);
			path = Sprites;
			sourceTree = "<group>";
		};
		718BB82421BFAD2A0028B298 /* Tiled */ = {
			isa = PBXGroup;
			children = (
				718BB82521BFAD2A0028B298 /* Tiles.png */,
			);
			path = Tiled;
			sourceTree = "<group>";
		};
		718BB82D21BFE50D0028B298 /* Actionable */ = {
			isa = PBXGroup;
			children = (
				718BB82F21BFE52E0028B298 /* General */,
				718BB82E21BFE5180028B298 /* Environment */,
			);
			path = Actionable;
			sourceTree = "<group>";
		};
		718BB82E21BFE5180028B298 /* Environment */ = {
			isa = PBXGroup;
			children = (
				718BB83321BFEDCA0028B298 /* PlayerIO.cpp */,
				718BB83421BFEDCA0028B298 /* PlayerIO.h */,
				718BB83621BFF0230028B298 /* Elevator.cpp */,
				718BB83721BFF0230028B298 /* Elevator.h */,
				7120911721C0E8DC00F6DD80 /* StyleChanger.cpp */,
				7120911821C0E8DC00F6DD80 /* StyleChanger.h */,
			);
			path = Environment;
			sourceTree = "<group>";
		};
		718BB82F21BFE52E0028B298 /* General */ = {
			isa = PBXGroup;
			children = (
				718BB83021BFE5370028B298 /* Actionable.cpp */,
				718BB83121BFE5370028B298 /* Actionable.h */,
			);
			path = General;
			sourceTree = "<group>";
		};
		718BB83B21C017F50028B298 /* Frameworks */ = {
			isa = PBXGroup;
			children = (
			);
			name = Frameworks;
			sourceTree = "<group>";
		};
		718BB84221C069830028B298 /* Scenes */ = {
			isa = PBXGroup;
			children = (
				718BB84321C0699E0028B298 /* Scene.cpp */,
				718BB84421C0699E0028B298 /* Scene.h */,
				718BB84621C069A50028B298 /* Town.cpp */,
				718BB84721C069A50028B298 /* Town.h */,
			);
			path = Scenes;
			sourceTree = "<group>";
		};
/* End PBXGroup section */

/* Begin PBXNativeTarget section */
		712B642621BD95FB003A9718 /* Leaf Brawl */ = {
			isa = PBXNativeTarget;
			buildConfigurationList = 712B642E21BD95FB003A9718 /* Build configuration list for PBXNativeTarget "Leaf Brawl" */;
			buildPhases = (
				712B642521BD95FB003A9718 /* CopyFiles */,
				712B642321BD95FB003A9718 /* Sources */,
				712B642421BD95FB003A9718 /* Frameworks */,
			);
			buildRules = (
			);
			dependencies = (
			);
			name = "Leaf Brawl";
			productName = "Leaf Brawl";
			productReference = 712B642721BD95FB003A9718 /* Leaf Brawl */;
			productType = "com.apple.product-type.tool";
		};
/* End PBXNativeTarget section */

/* Begin PBXProject section */
		712B641F21BD95FB003A9718 /* Project object */ = {
			isa = PBXProject;
			attributes = {
				LastUpgradeCheck = 1010;
				ORGANIZATIONNAME = Arc676;
				TargetAttributes = {
					712B642621BD95FB003A9718 = {
						CreatedOnToolsVersion = 10.1;
					};
				};
			};
			buildConfigurationList = 712B642221BD95FB003A9718 /* Build configuration list for PBXProject "Leaf Brawl" */;
			compatibilityVersion = "Xcode 9.3";
			developmentRegion = en;
			hasScannedForEncodings = 0;
			knownRegions = (
				en,
			);
			mainGroup = 712B641E21BD95FB003A9718;
			productRefGroup = 712B642821BD95FB003A9718 /* Products */;
			projectDirPath = "";
			projectRoot = "";
			targets = (
				712B642621BD95FB003A9718 /* Leaf Brawl */,
			);
		};
/* End PBXProject section */

/* Begin PBXSourcesBuildPhase section */
		712B642321BD95FB003A9718 /* Sources */ = {
			isa = PBXSourcesBuildPhase;
			buildActionMask = 2147483647;
			files = (
				718BB84821C069A50028B298 /* Town.cpp in Sources */,
				718BB84521C0699E0028B298 /* Scene.cpp in Sources */,
				712B64AB21BDAB49003A9718 /* Player.cpp in Sources */,
				718BB83221BFE5370028B298 /* Actionable.cpp in Sources */,
				718BB83521BFEDCA0028B298 /* PlayerIO.cpp in Sources */,
				712B643621BD984C003A9718 /* StandAlone.cpp in Sources */,
				712B64A821BDAB14003A9718 /* Entity.cpp in Sources */,
				718BB83821BFF0230028B298 /* Elevator.cpp in Sources */,
				7120911921C0E8DC00F6DD80 /* StyleChanger.cpp in Sources */,
				712B643521BD984C003A9718 /* Main.cpp in Sources */,
			);
			runOnlyForDeploymentPostprocessing = 0;
		};
/* End PBXSourcesBuildPhase section */

/* Begin XCBuildConfiguration section */
		712B642C21BD95FB003A9718 /* Debug */ = {
			isa = XCBuildConfiguration;
			buildSettings = {
				ALWAYS_SEARCH_USER_PATHS = NO;
				CLANG_ANALYZER_NONNULL = YES;
				CLANG_ANALYZER_NUMBER_OBJECT_CONVERSION = YES_AGGRESSIVE;
				CLANG_CXX_LANGUAGE_STANDARD = "gnu++14";
				CLANG_CXX_LIBRARY = "libc++";
				CLANG_ENABLE_MODULES = YES;
				CLANG_ENABLE_OBJC_ARC = YES;
				CLANG_ENABLE_OBJC_WEAK = YES;
				CLANG_WARN_BLOCK_CAPTURE_AUTORELEASING = YES;
				CLANG_WARN_BOOL_CONVERSION = YES;
				CLANG_WARN_COMMA = YES;
				CLANG_WARN_CONSTANT_CONVERSION = YES;
				CLANG_WARN_DEPRECATED_OBJC_IMPLEMENTATIONS = YES;
				CLANG_WARN_DIRECT_OBJC_ISA_USAGE = YES_ERROR;
				CLANG_WARN_DOCUMENTATION_COMMENTS = YES;
				CLANG_WARN_EMPTY_BODY = YES;
				CLANG_WARN_ENUM_CONVERSION = YES;
				CLANG_WARN_INFINITE_RECURSION = YES;
				CLANG_WARN_INT_CONVERSION = YES;
				CLANG_WARN_NON_LITERAL_NULL_CONVERSION = YES;
				CLANG_WARN_OBJC_IMPLICIT_RETAIN_SELF = YES;
				CLANG_WARN_OBJC_LITERAL_CONVERSION = YES;
				CLANG_WARN_OBJC_ROOT_CLASS = YES_ERROR;
				CLANG_WARN_RANGE_LOOP_ANALYSIS = YES;
				CLANG_WARN_STRICT_PROTOTYPES = YES;
				CLANG_WARN_SUSPICIOUS_MOVE = YES;
				CLANG_WARN_UNGUARDED_AVAILABILITY = YES_AGGRESSIVE;
				CLANG_WARN_UNREACHABLE_CODE = YES;
				CLANG_WARN__DUPLICATE_METHOD_MATCH = YES;
				CODE_SIGN_IDENTITY = "Mac Developer";
				COPY_PHASE_STRIP = NO;
				DEBUG_INFORMATION_FORMAT = dwarf;
				ENABLE_STRICT_OBJC_MSGSEND = YES;
				ENABLE_TESTABILITY = YES;
				GCC_C_LANGUAGE_STANDARD = gnu11;
				GCC_DYNAMIC_NO_PIC = NO;
				GCC_NO_COMMON_BLOCKS = YES;
				GCC_OPTIMIZATION_LEVEL = 0;
				GCC_PREPROCESSOR_DEFINITIONS = (
					"DEBUG=1",
					"$(inherited)",
				);
				GCC_WARN_64_TO_32_BIT_CONVERSION = YES;
				GCC_WARN_ABOUT_RETURN_TYPE = YES_ERROR;
				GCC_WARN_UNDECLARED_SELECTOR = YES;
				GCC_WARN_UNINITIALIZED_AUTOS = YES_AGGRESSIVE;
				GCC_WARN_UNUSED_FUNCTION = YES;
				GCC_WARN_UNUSED_VARIABLE = YES;
				MACOSX_DEPLOYMENT_TARGET = 10.13;
				MTL_ENABLE_DEBUG_INFO = INCLUDE_SOURCE;
				MTL_FAST_MATH = YES;
				ONLY_ACTIVE_ARCH = YES;
				SDKROOT = macosx;
			};
			name = Debug;
		};
		712B642D21BD95FB003A9718 /* Release */ = {
			isa = XCBuildConfiguration;
			buildSettings = {
				ALWAYS_SEARCH_USER_PATHS = NO;
				CLANG_ANALYZER_NONNULL = YES;
				CLANG_ANALYZER_NUMBER_OBJECT_CONVERSION = YES_AGGRESSIVE;
				CLANG_CXX_LANGUAGE_STANDARD = "gnu++14";
				CLANG_CXX_LIBRARY = "libc++";
				CLANG_ENABLE_MODULES = YES;
				CLANG_ENABLE_OBJC_ARC = YES;
				CLANG_ENABLE_OBJC_WEAK = YES;
				CLANG_WARN_BLOCK_CAPTURE_AUTORELEASING = YES;
				CLANG_WARN_BOOL_CONVERSION = YES;
				CLANG_WARN_COMMA = YES;
				CLANG_WARN_CONSTANT_CONVERSION = YES;
				CLANG_WARN_DEPRECATED_OBJC_IMPLEMENTATIONS = YES;
				CLANG_WARN_DIRECT_OBJC_ISA_USAGE = YES_ERROR;
				CLANG_WARN_DOCUMENTATION_COMMENTS = YES;
				CLANG_WARN_EMPTY_BODY = YES;
				CLANG_WARN_ENUM_CONVERSION = YES;
				CLANG_WARN_INFINITE_RECURSION = YES;
				CLANG_WARN_INT_CONVERSION = YES;
				CLANG_WARN_NON_LITERAL_NULL_CONVERSION = YES;
				CLANG_WARN_OBJC_IMPLICIT_RETAIN_SELF = YES;
				CLANG_WARN_OBJC_LITERAL_CONVERSION = YES;
				CLANG_WARN_OBJC_ROOT_CLASS = YES_ERROR;
				CLANG_WARN_RANGE_LOOP_ANALYSIS = YES;
				CLANG_WARN_STRICT_PROTOTYPES = YES;
				CLANG_WARN_SUSPICIOUS_MOVE = YES;
				CLANG_WARN_UNGUARDED_AVAILABILITY = YES_AGGRESSIVE;
				CLANG_WARN_UNREACHABLE_CODE = YES;
				CLANG_WARN__DUPLICATE_METHOD_MATCH = YES;
				CODE_SIGN_IDENTITY = "Mac Developer";
				COPY_PHASE_STRIP = NO;
				DEBUG_INFORMATION_FORMAT = "dwarf-with-dsym";
				ENABLE_NS_ASSERTIONS = NO;
				ENABLE_STRICT_OBJC_MSGSEND = YES;
				GCC_C_LANGUAGE_STANDARD = gnu11;
				GCC_NO_COMMON_BLOCKS = YES;
				GCC_WARN_64_TO_32_BIT_CONVERSION = YES;
				GCC_WARN_ABOUT_RETURN_TYPE = YES_ERROR;
				GCC_WARN_UNDECLARED_SELECTOR = YES;
				GCC_WARN_UNINITIALIZED_AUTOS = YES_AGGRESSIVE;
				GCC_WARN_UNUSED_FUNCTION = YES;
				GCC_WARN_UNUSED_VARIABLE = YES;
				MACOSX_DEPLOYMENT_TARGET = 10.13;
				MTL_ENABLE_DEBUG_INFO = NO;
				MTL_FAST_MATH = YES;
				SDKROOT = macosx;
			};
			name = Release;
		};
		712B642F21BD95FB003A9718 /* Debug */ = {
			isa = XCBuildConfiguration;
			buildSettings = {
				CODE_SIGN_STYLE = Automatic;
				DEVELOPMENT_TEAM = T42F23M422;
				INCLUDED_RECURSIVE_SEARCH_PATH_SUBDIRECTORIES = inc;
				LIBRARY_SEARCH_PATHS = (
					"$(inherited)",
					"$(PROJECT_DIR)/lib",
				);
				PRODUCT_NAME = "$(TARGET_NAME)";
				USER_HEADER_SEARCH_PATHS = "inc/**";
			};
			name = Debug;
		};
		712B643021BD95FB003A9718 /* Release */ = {
			isa = XCBuildConfiguration;
			buildSettings = {
				CODE_SIGN_STYLE = Automatic;
				DEVELOPMENT_TEAM = T42F23M422;
				INCLUDED_RECURSIVE_SEARCH_PATH_SUBDIRECTORIES = inc;
				LIBRARY_SEARCH_PATHS = (
					"$(inherited)",
					"$(PROJECT_DIR)/lib",
				);
				PRODUCT_NAME = "$(TARGET_NAME)";
				USER_HEADER_SEARCH_PATHS = "inc/**";
			};
			name = Release;
		};
/* End XCBuildConfiguration section */

/* Begin XCConfigurationList section */
		712B642221BD95FB003A9718 /* Build configuration list for PBXProject "Leaf Brawl" */ = {
			isa = XCConfigurationList;
			buildConfigurations = (
				712B642C21BD95FB003A9718 /* Debug */,
				712B642D21BD95FB003A9718 /* Release */,
			);
			defaultConfigurationIsVisible = 0;
			defaultConfigurationName = Release;
		};
		712B642E21BD95FB003A9718 /* Build configuration list for PBXNativeTarget "Leaf Brawl" */ = {
			isa = XCConfigurationList;
			buildConfigurations = (
				712B642F21BD95FB003A9718 /* Debug */,
				712B643021BD95FB003A9718 /* Release */,
			);
			defaultConfigurationIsVisible = 0;
			defaultConfigurationName = Release;
		};
/* End XCConfigurationList section */
	};
	rootObject = 712B641F21BD95FB003A9718 /* Project object */;
}
